
Microsoft Visual Studio Solution File, Format Version 12.00
# Visual Studio Version 17
VisualStudioVersion = 17.14.36511.14 d17.14
MinimumVisualStudioVersion = 10.0.40219.1
Project("{FAE04EC0-301F-11D3-BF4B-00C04F79EFBC}") = "EverythingAPI", "EverythingAPI\EverythingAPI.csproj", "{573F0D6B-DD60-4ACB-AA86-350660415940}"
EndProject
Global
	GlobalSection(SolutionConfigurationPlatforms) = preSolution
		Debug|Any CPU = Debug|Any CPU
		Release|Any CPU = Release|Any CPU
	EndGlobalSection
	GlobalSection(ProjectConfigurationPlatforms) = postSolution
		{573F0D6B-DD60-4ACB-AA86-350660415940}.Debug|Any CPU.ActiveCfg = Debug|Any CPU
		{573F0D6B-DD60-4ACB-AA86-350660415940}.Debug|Any CPU.Build.0 = Debug|Any CPU
		{573F0D6B-DD60-4ACB-AA86-350660415940}.Release|Any CPU.ActiveCfg = Release|Any CPU
		{573F0D6B-DD60-4ACB-AA86-350660415940}.Release|Any CPU.Build.0 = Release|Any CPU
	EndGlobalSection
	GlobalSection(SolutionProperties) = preSolution
		HideSolutionNode = FALSE
	EndGlobalSection
	GlobalSection(ExtensibilityGlobals) = postSolution
		SolutionGuid = {E69EBB0A-F101-43F6-A934-503B17902598}
	EndGlobalSection
EndGlobal
